// !$*UTF8*$!
{
	archiveVersion = 1;
	classes = {
	};
	objectVersion = 56;
	objects = {

/* Begin PBXBuildFile section */
		BD1D24892DF397A000CA2380 /* lab_05App.swift in Sources */ = {isa = PBXBuildFile; fileRef = BD1D24882DF397A000CA2380 /* lab_05App.swift */; };
		BD1D248B2DF397A000CA2380 /* ContentView.swift in Sources */ = {isa = PBXBuildFile; fileRef = BD1D248A2DF397A000CA2380 /* ContentView.swift */; };
		BD1D248D2DF397A200CA2380 /* Assets.xcassets in Resources */ = {isa = PBXBuildFile; fileRef = BD1D248C2DF397A200CA2380 /* Assets.xcassets */; };
		BD1D24902DF397A200CA2380 /* Preview Assets.xcassets in Resources */ = {isa = PBXBuildFile; fileRef = BD1D248F2DF397A200CA2380 /* Preview Assets.xcassets */; };
		BD1D24972DF3982600CA2380 /* Patient.swift in Sources */ = {isa = PBXBuildFile; fileRef = BD1D24962DF3982600CA2380 /* Patient.swift */; };
		BD1D24992DF39AAE00CA2380 /* AuthFlow.swift in Sources */ = {isa = PBXBuildFile; fileRef = BD1D24982DF39AAE00CA2380 /* AuthFlow.swift */; };
		BD1D249B2DF39AD000CA2380 /* Login.swift in Sources */ = {isa = PBXBuildFile; fileRef = BD1D249A2DF39AD000CA2380 /* Login.swift */; };
		BD1D249D2DF39AE700CA2380 /* SignUp.swift in Sources */ = {isa = PBXBuildFile; fileRef = BD1D249C2DF39AE700CA2380 /* SignUp.swift */; };
		BD1D249F2DF39AF700CA2380 /* HomeScreen.swift in Sources */ = {isa = PBXBuildFile; fileRef = BD1D249E2DF39AF700CA2380 /* HomeScreen.swift */; };
		BD1D24A12DF3ABEC00CA2380 /* Records.swift in Sources */ = {isa = PBXBuildFile; fileRef = BD1D24A02DF3ABEC00CA2380 /* Records.swift */; };
		BD1D24A32DF3AD1B00CA2380 /* Profile.swift in Sources */ = {isa = PBXBuildFile; fileRef = BD1D24A22DF3AD1B00CA2380 /* Profile.swift */; };
/* End PBXBuildFile section */

/* Begin PBXFileReference section */
		BD1D24852DF397A000CA2380 /* lab_05.app */ = {isa = PBXFileReference; explicitFileType = wrapper.application; includeInIndex = 0; path = lab_05.app; sourceTree = BUILT_PRODUCTS_DIR; };
		BD1D24882DF397A000CA2380 /* lab_05App.swift */ = {isa = PBXFileReference; lastKnownFileType = sourcecode.swift; path = lab_05App.swift; sourceTree = "<group>"; };
		BD1D248A2DF397A000CA2380 /* ContentView.swift */ = {isa = PBXFileReference; lastKnownFileType = sourcecode.swift; path = ContentView.swift; sourceTree = "<group>"; };
		BD1D248C2DF397A200CA2380 /* Assets.xcassets */ = {isa = PBXFileReference; lastKnownFileType = folder.assetcatalog; path = Assets.xcassets; sourceTree = "<group>"; };
		BD1D248F2DF397A200CA2380 /* Preview Assets.xcassets */ = {isa = PBXFileReference; lastKnownFileType = folder.assetcatalog; path = "Preview Assets.xcassets"; sourceTree = "<group>"; };
		BD1D24962DF3982600CA2380 /* Patient.swift */ = {isa = PBXFileReference; lastKnownFileType = sourcecode.swift; path = Patient.swift; sourceTree = "<group>"; };
		BD1D24982DF39AAE00CA2380 /* AuthFlow.swift */ = {isa = PBXFileReference; lastKnownFileType = sourcecode.swift; path = AuthFlow.swift; sourceTree = "<group>"; };
		BD1D249A2DF39AD000CA2380 /* Login.swift */ = {isa = PBXFileReference; lastKnownFileType = sourcecode.swift; path = Login.swift; sourceTree = "<group>"; };
		BD1D249C2DF39AE700CA2380 /* SignUp.swift */ = {isa = PBXFileReference; lastKnownFileType = sourcecode.swift; path = SignUp.swift; sourceTree = "<group>"; };
		BD1D249E2DF39AF700CA2380 /* HomeScreen.swift */ = {isa = PBXFileReference; lastKnownFileType = sourcecode.swift; path = HomeScreen.swift; sourceTree = "<group>"; };
		BD1D24A02DF3ABEC00CA2380 /* Records.swift */ = {isa = PBXFileReference; lastKnownFileType = sourcecode.swift; path = Records.swift; sourceTree = "<group>"; };
		BD1D24A22DF3AD1B00CA2380 /* Profile.swift */ = {isa = PBXFileReference; lastKnownFileType = sourcecode.swift; path = Profile.swift; sourceTree = "<group>"; };
/* End PBXFileReference section */

/* Begin PBXFrameworksBuildPhase section */
		BD1D24822DF397A000CA2380 /* Frameworks */ = {
			isa = PBXFrameworksBuildPhase;
			buildActionMask = 2147483647;
			files = (
			);
			runOnlyForDeploymentPostprocessing = 0;
		};
/* End PBXFrameworksBuildPhase section */

/* Begin PBXGroup section */
		BD1D247C2DF397A000CA2380 = {
			isa = PBXGroup;
			children = (
				BD1D24A22DF3AD1B00CA2380 /* Profile.swift */,
				BD1D24A02DF3ABEC00CA2380 /* Records.swift */,
				BD1D24872DF397A000CA2380 /* lab_05 */,
				BD1D24862DF397A000CA2380 /* Products */,
			);
			sourceTree = "<group>";
		};
		BD1D24862DF397A000CA2380 /* Products */ = {
			isa = PBXGroup;
			children = (
				BD1D24852DF397A000CA2380 /* lab_05.app */,
			);
			name = Products;
			sourceTree = "<group>";
		};
		BD1D24872DF397A000CA2380 /* lab_05 */ = {
			isa = PBXGroup;
			children = (
				BD1D249E2DF39AF700CA2380 /* HomeScreen.swift */,
				BD1D24982DF39AAE00CA2380 /* AuthFlow.swift */,
				BD1D24962DF3982600CA2380 /* Patient.swift */,
				BD1D24882DF397A000CA2380 /* lab_05App.swift */,
				BD1D248A2DF397A000CA2380 /* ContentView.swift */,
				BD1D248C2DF397A200CA2380 /* Assets.xcassets */,
				BD1D249A2DF39AD000CA2380 /* Login.swift */,
				BD1D249C2DF39AE700CA2380 /* SignUp.swift */,
				BD1D248E2DF397A200CA2380 /* Preview Content */,
			);
			path = lab_05;
			sourceTree = "<group>";
		};
		BD1D248E2DF397A200CA2380 /* Preview Content */ = {
			isa = PBXGroup;
			children = (
				BD1D248F2DF397A200CA2380 /* Preview Assets.xcassets */,
			);
			path = "Preview Content";
			sourceTree = "<group>";
		};
/* End PBXGroup section */

/* Begin PBXNativeTarget section */
		BD1D24842DF397A000CA2380 /* lab_05 */ = {
			isa = PBXNativeTarget;
			buildConfigurationList = BD1D24932DF397A200CA2380 /* Build configuration list for PBXNativeTarget "lab_05" */;
			buildPhases = (
				BD1D24812DF397A000CA2380 /* Sources */,
				BD1D24822DF397A000CA2380 /* Frameworks */,
				BD1D24832DF397A000CA2380 /* Resources */,
			);
			buildRules = (
			);
			dependencies = (
			);
			name = lab_05;
			productName = lab_05;
			productReference = BD1D24852DF397A000CA2380 /* lab_05.app */;
			productType = "com.apple.product-type.application";
		};
/* End PBXNativeTarget section */

/* Begin PBXProject section */
		BD1D247D2DF397A000CA2380 /* Project object */ = {
			isa = PBXProject;
			attributes = {
				BuildIndependentTargetsInParallel = 1;
				LastSwiftUpdateCheck = 1540;
				LastUpgradeCheck = 1540;
				TargetAttributes = {
					BD1D24842DF397A000CA2380 = {
						CreatedOnToolsVersion = 15.4;
					};
				};
			};
			buildConfigurationList = BD1D24802DF397A000CA2380 /* Build configuration list for PBXProject "lab_05" */;
			compatibilityVersion = "Xcode 14.0";
			developmentRegion = en;
			hasScannedForEncodings = 0;
			knownRegions = (
				en,
				Base,
			);
			mainGroup = BD1D247C2DF397A000CA2380;
			productRefGroup = BD1D24862DF397A000CA2380 /* Products */;
			projectDirPath = "";
			projectRoot = "";
			targets = (
				BD1D24842DF397A000CA2380 /* lab_05 */,
			);
		};
/* End PBXProject section */

/* Begin PBXResourcesBuildPhase section */
		BD1D24832DF397A000CA2380 /* Resources */ = {
			isa = PBXResourcesBuildPhase;
			buildActionMask = 2147483647;
			files = (
				BD1D24902DF397A200CA2380 /* Preview Assets.xcassets in Resources */,
				BD1D248D2DF397A200CA2380 /* Assets.xcassets in Resources */,
			);
			runOnlyForDeploymentPostprocessing = 0;
		};
/* End PBXResourcesBuildPhase section */

/* Begin PBXSourcesBuildPhase section */
		BD1D24812DF397A000CA2380 /* Sources */ = {
			isa = PBXSourcesBuildPhase;
			buildActionMask = 2147483647;
			files = (
				BD1D248B2DF397A000CA2380 /* ContentView.swift in Sources */,
				BD1D249D2DF39AE700CA2380 /* SignUp.swift in Sources */,
				BD1D24A12DF3ABEC00CA2380 /* Records.swift in Sources */,
				BD1D249F2DF39AF700CA2380 /* HomeScreen.swift in Sources */,
				BD1D249B2DF39AD000CA2380 /* Login.swift in Sources */,
				BD1D24892DF397A000CA2380 /* lab_05App.swift in Sources */,
				BD1D24972DF3982600CA2380 /* Patient.swift in Sources */,
				BD1D24A32DF3AD1B00CA2380 /* Profile.swift in Sources */,
				BD1D24992DF39AAE00CA2380 /* AuthFlow.swift in Sources */,
			);
			runOnlyForDeploymentPostprocessing = 0;
		};
/* End PBXSourcesBuildPhase section */

/* Begin XCBuildConfiguration section */
		BD1D24912DF397A200CA2380 /* Debug */ = {
			isa = XCBuildConfiguration;
			buildSettings = {
				ALWAYS_SEARCH_USER_PATHS = NO;
				ASSETCATALOG_COMPILER_GENERATE_SWIFT_ASSET_SYMBOL_EXTENSIONS = YES;
				CLANG_ANALYZER_NONNULL = YES;
				CLANG_ANALYZER_NUMBER_OBJECT_CONVERSION = YES_AGGRESSIVE;
				CLANG_CXX_LANGUAGE_STANDARD = "gnu++20";
				CLANG_ENABLE_MODULES = YES;
				CLANG_ENABLE_OBJC_ARC = YES;
				CLANG_ENABLE_OBJC_WEAK = YES;
				CLANG_WARN_BLOCK_CAPTURE_AUTORELEASING = YES;
				CLANG_WARN_BOOL_CONVERSION = YES;
				CLANG_WARN_COMMA = YES;
				CLANG_WARN_CONSTANT_CONVERSION = YES;
				CLANG_WARN_DEPRECATED_OBJC_IMPLEMENTATIONS = YES;
				CLANG_WARN_DIRECT_OBJC_ISA_USAGE = YES_ERROR;
				CLANG_WARN_DOCUMENTATION_COMMENTS = YES;
				CLANG_WARN_EMPTY_BODY = YES;
				CLANG_WARN_ENUM_CONVERSION = YES;
				CLANG_WARN_INFINITE_RECURSION = YES;
				CLANG_WARN_INT_CONVERSION = YES;
				CLANG_WARN_NON_LITERAL_NULL_CONVERSION = YES;
				CLANG_WARN_OBJC_IMPLICIT_RETAIN_SELF = YES;
				CLANG_WARN_OBJC_LITERAL_CONVERSION = YES;
				CLANG_WARN_OBJC_ROOT_CLASS = YES_ERROR;
				CLANG_WARN_QUOTED_INCLUDE_IN_FRAMEWORK_HEADER = YES;
				CLANG_WARN_RANGE_LOOP_ANALYSIS = YES;
				CLANG_WARN_STRICT_PROTOTYPES = YES;
				CLANG_WARN_SUSPICIOUS_MOVE = YES;
				CLANG_WARN_UNGUARDED_AVAILABILITY = YES_AGGRESSIVE;
				CLANG_WARN_UNREACHABLE_CODE = YES;
				CLANG_WARN__DUPLICATE_METHOD_MATCH = YES;
				COPY_PHASE_STRIP = NO;
				DEBUG_INFORMATION_FORMAT = dwarf;
				ENABLE_STRICT_OBJC_MSGSEND = YES;
				ENABLE_TESTABILITY = YES;
				ENABLE_USER_SCRIPT_SANDBOXING = YES;
				GCC_C_LANGUAGE_STANDARD = gnu17;
				GCC_DYNAMIC_NO_PIC = NO;
				GCC_NO_COMMON_BLOCKS = YES;
				GCC_OPTIMIZATION_LEVEL = 0;
				GCC_PREPROCESSOR_DEFINITIONS = (
					"DEBUG=1",
					"$(inherited)",
				);
				GCC_WARN_64_TO_32_BIT_CONVERSION = YES;
				GCC_WARN_ABOUT_RETURN_TYPE = YES_ERROR;
				GCC_WARN_UNDECLARED_SELECTOR = YES;
				GCC_WARN_UNINITIALIZED_AUTOS = YES_AGGRESSIVE;
				GCC_WARN_UNUSED_FUNCTION = YES;
				GCC_WARN_UNUSED_VARIABLE = YES;
				IPHONEOS_DEPLOYMENT_TARGET = 17.5;
				LOCALIZATION_PREFERS_STRING_CATALOGS = YES;
				MTL_ENABLE_DEBUG_INFO = INCLUDE_SOURCE;
				MTL_FAST_MATH = YES;
				ONLY_ACTIVE_ARCH = YES;
				SDKROOT = iphoneos;
				SWIFT_ACTIVE_COMPILATION_CONDITIONS = "DEBUG $(inherited)";
				SWIFT_OPTIMIZATION_LEVEL = "-Onone";
			};
			name = Debug;
		};
		BD1D24922DF397A200CA2380 /* Release */ = {
			isa = XCBuildConfiguration;
			buildSettings = {
				ALWAYS_SEARCH_USER_PATHS = NO;
				ASSETCATALOG_COMPILER_GENERATE_SWIFT_ASSET_SYMBOL_EXTENSIONS = YES;
				CLANG_ANALYZER_NONNULL = YES;
				CLANG_ANALYZER_NUMBER_OBJECT_CONVERSION = YES_AGGRESSIVE;
				CLANG_CXX_LANGUAGE_STANDARD = "gnu++20";
				CLANG_ENABLE_MODULES = YES;
				CLANG_ENABLE_OBJC_ARC = YES;
				CLANG_ENABLE_OBJC_WEAK = YES;
				CLANG_WARN_BLOCK_CAPTURE_AUTORELEASING = YES;
				CLANG_WARN_BOOL_CONVERSION = YES;
				CLANG_WARN_COMMA = YES;
				CLANG_WARN_CONSTANT_CONVERSION = YES;
				CLANG_WARN_DEPRECATED_OBJC_IMPLEMENTATIONS = YES;
				CLANG_WARN_DIRECT_OBJC_ISA_USAGE = YES_ERROR;
				CLANG_WARN_DOCUMENTATION_COMMENTS = YES;
				CLANG_WARN_EMPTY_BODY = YES;
				CLANG_WARN_ENUM_CONVERSION = YES;
				CLANG_WARN_INFINITE_RECURSION = YES;
				CLANG_WARN_INT_CONVERSION = YES;
				CLANG_WARN_NON_LITERAL_NULL_CONVERSION = YES;
				CLANG_WARN_OBJC_IMPLICIT_RETAIN_SELF = YES;
				CLANG_WARN_OBJC_LITERAL_CONVERSION = YES;
				CLANG_WARN_OBJC_ROOT_CLASS = YES_ERROR;
				CLANG_WARN_QUOTED_INCLUDE_IN_FRAMEWORK_HEADER = YES;
				CLANG_WARN_RANGE_LOOP_ANALYSIS = YES;
				CLANG_WARN_STRICT_PROTOTYPES = YES;
				CLANG_WARN_SUSPICIOUS_MOVE = YES;
				CLANG_WARN_UNGUARDED_AVAILABILITY = YES_AGGRESSIVE;
				CLANG_WARN_UNREACHABLE_CODE = YES;
				CLANG_WARN__DUPLICATE_METHOD_MATCH = YES;
				COPY_PHASE_STRIP = NO;
				DEBUG_INFORMATION_FORMAT = "dwarf-with-dsym";
				ENABLE_NS_ASSERTIONS = NO;
				ENABLE_STRICT_OBJC_MSGSEND = YES;
				ENABLE_USER_SCRIPT_SANDBOXING = YES;
				GCC_C_LANGUAGE_STANDARD = gnu17;
				GCC_NO_COMMON_BLOCKS = YES;
				GCC_WARN_64_TO_32_BIT_CONVERSION = YES;
				GCC_WARN_ABOUT_RETURN_TYPE = YES_ERROR;
				GCC_WARN_UNDECLARED_SELECTOR = YES;
				GCC_WARN_UNINITIALIZED_AUTOS = YES_AGGRESSIVE;
				GCC_WARN_UNUSED_FUNCTION = YES;
				GCC_WARN_UNUSED_VARIABLE = YES;
				IPHONEOS_DEPLOYMENT_TARGET = 17.5;
				LOCALIZATION_PREFERS_STRING_CATALOGS = YES;
				MTL_ENABLE_DEBUG_INFO = NO;
				MTL_FAST_MATH = YES;
				SDKROOT = iphoneos;
				SWIFT_COMPILATION_MODE = wholemodule;
				VALIDATE_PRODUCT = YES;
			};
			name = Release;
		};
		BD1D24942DF397A200CA2380 /* Debug */ = {
			isa = XCBuildConfiguration;
			buildSettings = {
				ASSETCATALOG_COMPILER_APPICON_NAME = AppIcon;
				ASSETCATALOG_COMPILER_GLOBAL_ACCENT_COLOR_NAME = AccentColor;
				CODE_SIGN_STYLE = Automatic;
				CURRENT_PROJECT_VERSION = 1;
				DEVELOPMENT_ASSET_PATHS = "\"lab_05/Preview Content\"";
				ENABLE_PREVIEWS = YES;
				GENERATE_INFOPLIST_FILE = YES;
				INFOPLIST_KEY_UIApplicationSceneManifest_Generation = YES;
				INFOPLIST_KEY_UIApplicationSupportsIndirectInputEvents = YES;
				INFOPLIST_KEY_UILaunchScreen_Generation = YES;
				INFOPLIST_KEY_UISupportedInterfaceOrientations_iPad = "UIInterfaceOrientationPortrait UIInterfaceOrientationPortraitUpsideDown UIInterfaceOrientationLandscapeLeft UIInterfaceOrientationLandscapeRight";
				INFOPLIST_KEY_UISupportedInterfaceOrientations_iPhone = "UIInterfaceOrientationPortrait UIInterfaceOrientationLandscapeLeft UIInterfaceOrientationLandscapeRight";
				LD_RUNPATH_SEARCH_PATHS = (
					"$(inherited)",
					"@executable_path/Frameworks",
				);
				MARKETING_VERSION = 1.0;
				PRODUCT_BUNDLE_IDENTIFIER = "com.archpatel.lab-05";
				PRODUCT_NAME = "$(TARGET_NAME)";
				SWIFT_EMIT_LOC_STRINGS = YES;
				SWIFT_VERSION = 5.0;
				TARGETED_DEVICE_FAMILY = "1,2";
			};
			name = Debug;
		};
		BD1D24952DF397A200CA2380 /* Release */ = {
			isa = XCBuildConfiguration;
			buildSettings = {
				ASSETCATALOG_COMPILER_APPICON_NAME = AppIcon;
				ASSETCATALOG_COMPILER_GLOBAL_ACCENT_COLOR_NAME = AccentColor;
				CODE_SIGN_STYLE = Automatic;
				CURRENT_PROJECT_VERSION = 1;
				DEVELOPMENT_ASSET_PATHS = "\"lab_05/Preview Content\"";
				ENABLE_PREVIEWS = YES;
				GENERATE_INFOPLIST_FILE = YES;
				INFOPLIST_KEY_UIApplicationSceneManifest_Generation = YES;
				INFOPLIST_KEY_UIApplicationSupportsIndirectInputEvents = YES;
				INFOPLIST_KEY_UILaunchScreen_Generation = YES;
				INFOPLIST_KEY_UISupportedInterfaceOrientations_iPad = "UIInterfaceOrientationPortrait UIInterfaceOrientationPortraitUpsideDown UIInterfaceOrientationLandscapeLeft UIInterfaceOrientationLandscapeRight";
				INFOPLIST_KEY_UISupportedInterfaceOrientations_iPhone = "UIInterfaceOrientationPortrait UIInterfaceOrientationLandscapeLeft UIInterfaceOrientationLandscapeRight";
				LD_RUNPATH_SEARCH_PATHS = (
					"$(inherited)",
					"@executable_path/Frameworks",
				);
				MARKETING_VERSION = 1.0;
				PRODUCT_BUNDLE_IDENTIFIER = "com.archpatel.lab-05";
				PRODUCT_NAME = "$(TARGET_NAME)";
				SWIFT_EMIT_LOC_STRINGS = YES;
				SWIFT_VERSION = 5.0;
				TARGETED_DEVICE_FAMILY = "1,2";
			};
			name = Release;
		};
/* End XCBuildConfiguration section */

/* Begin XCConfigurationList section */
		BD1D24802DF397A000CA2380 /* Build configuration list for PBXProject "lab_05" */ = {
			isa = XCConfigurationList;
			buildConfigurations = (
				BD1D24912DF397A200CA2380 /* Debug */,
				BD1D24922DF397A200CA2380 /* Release */,
			);
			defaultConfigurationIsVisible = 0;
			defaultConfigurationName = Release;
		};
		BD1D24932DF397A200CA2380 /* Build configuration list for PBXNativeTarget "lab_05" */ = {
			isa = XCConfigurationList;
			buildConfigurations = (
				BD1D24942DF397A200CA2380 /* Debug */,
				BD1D24952DF397A200CA2380 /* Release */,
			);
			defaultConfigurationIsVisible = 0;
			defaultConfigurationName = Release;
		};
/* End XCConfigurationList section */
	};
	rootObject = BD1D247D2DF397A000CA2380 /* Project object */;
}
